// !$*UTF8*$!
{
	archiveVersion = 1;
	classes = {
	};
	objectVersion = 48;
	objects = {

/* Begin PBXBuildFile section */
		108F0EBF201CD08500050712 /* MemoDAO.swift in Sources */ = {isa = PBXBuildFile; fileRef = 108F0EBC201CD08500050712 /* MemoDAO.swift */; };
		108F0EC0201CD08500050712 /* DataSync.swift in Sources */ = {isa = PBXBuildFile; fileRef = 108F0EBD201CD08500050712 /* DataSync.swift */; };
		108F0EC1201CD08500050712 /* MomoData.swift in Sources */ = {isa = PBXBuildFile; fileRef = 108F0EBE201CD08500050712 /* MomoData.swift */; };
		108F0ECB201CD14A00050712 /* ThinkMemo.xcdatamodeld in Sources */ = {isa = PBXBuildFile; fileRef = 108F0EC9201CD14A00050712 /* ThinkMemo.xcdatamodeld */; };
		301AA0A7201D0CB30033ECDA /* Keyword.storyboard in Resources */ = {isa = PBXBuildFile; fileRef = 301AA0A6201D0CB30033ECDA /* Keyword.storyboard */; };
		301AA0AC201D0CD30033ECDA /* KeywordCell.xib in Resources */ = {isa = PBXBuildFile; fileRef = 301AA0A9201D0CD30033ECDA /* KeywordCell.xib */; };
		301AA0AD201D0CD30033ECDA /* KeywordVC.swift in Sources */ = {isa = PBXBuildFile; fileRef = 301AA0AA201D0CD30033ECDA /* KeywordVC.swift */; };
		301AA0AE201D0CD30033ECDA /* KeywordCell.swift in Sources */ = {isa = PBXBuildFile; fileRef = 301AA0AB201D0CD30033ECDA /* KeywordCell.swift */; };
		301AA0B0201D0CD80033ECDA /* CombineWordsVC.swift in Sources */ = {isa = PBXBuildFile; fileRef = 301AA0AF201D0CD80033ECDA /* CombineWordsVC.swift */; };
		30242D1D201C64FB00B6B633 /* AppDelegate.swift in Sources */ = {isa = PBXBuildFile; fileRef = 30242D1C201C64FB00B6B633 /* AppDelegate.swift */; };
		30242D22201C64FB00B6B633 /* Main.storyboard in Resources */ = {isa = PBXBuildFile; fileRef = 30242D20201C64FB00B6B633 /* Main.storyboard */; };
		30242D24201C64FB00B6B633 /* Assets.xcassets in Resources */ = {isa = PBXBuildFile; fileRef = 30242D23201C64FB00B6B633 /* Assets.xcassets */; };
		30242D27201C64FB00B6B633 /* LaunchScreen.storyboard in Resources */ = {isa = PBXBuildFile; fileRef = 30242D25201C64FB00B6B633 /* LaunchScreen.storyboard */; };
		722F9E37201C6BA0003F4757 /* NewMemo.storyboard in Resources */ = {isa = PBXBuildFile; fileRef = 722F9E36201C6BA0003F4757 /* NewMemo.storyboard */; };
		722F9E3F201C6E9F003F4757 /* NewMemoViewController.swift in Sources */ = {isa = PBXBuildFile; fileRef = 722F9E3E201C6E9F003F4757 /* NewMemoViewController.swift */; };
		722F9E41201C7EEC003F4757 /* DetailViewController.swift in Sources */ = {isa = PBXBuildFile; fileRef = 722F9E40201C7EEC003F4757 /* DetailViewController.swift */; };
		722F9E43201CB686003F4757 /* DeleteMemoViewController.swift in Sources */ = {isa = PBXBuildFile; fileRef = 722F9E42201CB686003F4757 /* DeleteMemoViewController.swift */; };
		72FA9E7A201D2744000ADF9E /* EditMemoViewController.swift in Sources */ = {isa = PBXBuildFile; fileRef = 72FA9E79201D2744000ADF9E /* EditMemoViewController.swift */; };
		83A24D8FC4B23156EFC8FDE0 /* Pods_ThinkMemo.framework in Frameworks */ = {isa = PBXBuildFile; fileRef = C13DFBCF5023F1A81BC8A246 /* Pods_ThinkMemo.framework */; };
		CB20DF8C201CEDCE00262002 /* MainViewController.swift in Sources */ = {isa = PBXBuildFile; fileRef = CB20DF8B201CEDCE00262002 /* MainViewController.swift */; };
		CB20DF90201CEE3000262002 /* MemoCell.swift in Sources */ = {isa = PBXBuildFile; fileRef = CB20DF8F201CEE3000262002 /* MemoCell.swift */; };
		CB20DF92201CEE7000262002 /* HeaderMemoCell.swift in Sources */ = {isa = PBXBuildFile; fileRef = CB20DF91201CEE7000262002 /* HeaderMemoCell.swift */; };
/* End PBXBuildFile section */

/* Begin PBXFileReference section */
		108F0EBC201CD08500050712 /* MemoDAO.swift */ = {isa = PBXFileReference; fileEncoding = 4; lastKnownFileType = sourcecode.swift; path = MemoDAO.swift; sourceTree = "<group>"; };
		108F0EBD201CD08500050712 /* DataSync.swift */ = {isa = PBXFileReference; fileEncoding = 4; lastKnownFileType = sourcecode.swift; path = DataSync.swift; sourceTree = "<group>"; };
		108F0EBE201CD08500050712 /* MomoData.swift */ = {isa = PBXFileReference; fileEncoding = 4; lastKnownFileType = sourcecode.swift; path = MomoData.swift; sourceTree = "<group>"; };
		108F0ECA201CD14A00050712 /* ThinkMemo.xcdatamodel */ = {isa = PBXFileReference; lastKnownFileType = wrapper.xcdatamodel; path = ThinkMemo.xcdatamodel; sourceTree = "<group>"; };
		22D16A882DC4DEA3BC33D763 /* Pods-ThinkMemo.release.xcconfig */ = {isa = PBXFileReference; includeInIndex = 1; lastKnownFileType = text.xcconfig; name = "Pods-ThinkMemo.release.xcconfig"; path = "Pods/Target Support Files/Pods-ThinkMemo/Pods-ThinkMemo.release.xcconfig"; sourceTree = "<group>"; };
		301AA0A6201D0CB30033ECDA /* Keyword.storyboard */ = {isa = PBXFileReference; fileEncoding = 4; lastKnownFileType = file.storyboard; path = Keyword.storyboard; sourceTree = "<group>"; };
		301AA0A9201D0CD30033ECDA /* KeywordCell.xib */ = {isa = PBXFileReference; fileEncoding = 4; lastKnownFileType = file.xib; path = KeywordCell.xib; sourceTree = "<group>"; };
		301AA0AA201D0CD30033ECDA /* KeywordVC.swift */ = {isa = PBXFileReference; fileEncoding = 4; lastKnownFileType = sourcecode.swift; path = KeywordVC.swift; sourceTree = "<group>"; };
		301AA0AB201D0CD30033ECDA /* KeywordCell.swift */ = {isa = PBXFileReference; fileEncoding = 4; lastKnownFileType = sourcecode.swift; path = KeywordCell.swift; sourceTree = "<group>"; };
		301AA0AF201D0CD80033ECDA /* CombineWordsVC.swift */ = {isa = PBXFileReference; fileEncoding = 4; lastKnownFileType = sourcecode.swift; path = CombineWordsVC.swift; sourceTree = "<group>"; };
		30242D19201C64FB00B6B633 /* ThinkMemo.app */ = {isa = PBXFileReference; explicitFileType = wrapper.application; includeInIndex = 0; path = ThinkMemo.app; sourceTree = BUILT_PRODUCTS_DIR; };
		30242D1C201C64FB00B6B633 /* AppDelegate.swift */ = {isa = PBXFileReference; lastKnownFileType = sourcecode.swift; path = AppDelegate.swift; sourceTree = "<group>"; };
		30242D21201C64FB00B6B633 /* Base */ = {isa = PBXFileReference; lastKnownFileType = file.storyboard; name = Base; path = Base.lproj/Main.storyboard; sourceTree = "<group>"; };
		30242D23201C64FB00B6B633 /* Assets.xcassets */ = {isa = PBXFileReference; lastKnownFileType = folder.assetcatalog; path = Assets.xcassets; sourceTree = "<group>"; };
		30242D26201C64FB00B6B633 /* Base */ = {isa = PBXFileReference; lastKnownFileType = file.storyboard; name = Base; path = Base.lproj/LaunchScreen.storyboard; sourceTree = "<group>"; };
		30242D28201C64FB00B6B633 /* Info.plist */ = {isa = PBXFileReference; lastKnownFileType = text.plist.xml; path = Info.plist; sourceTree = "<group>"; };
		44E75571A3F875D42CE4EE27 /* Pods-ThinkMemo.debug.xcconfig */ = {isa = PBXFileReference; includeInIndex = 1; lastKnownFileType = text.xcconfig; name = "Pods-ThinkMemo.debug.xcconfig"; path = "Pods/Target Support Files/Pods-ThinkMemo/Pods-ThinkMemo.debug.xcconfig"; sourceTree = "<group>"; };
		722F9E36201C6BA0003F4757 /* NewMemo.storyboard */ = {isa = PBXFileReference; lastKnownFileType = file.storyboard; path = NewMemo.storyboard; sourceTree = "<group>"; };
		722F9E3E201C6E9F003F4757 /* NewMemoViewController.swift */ = {isa = PBXFileReference; lastKnownFileType = sourcecode.swift; path = NewMemoViewController.swift; sourceTree = "<group>"; };
		722F9E40201C7EEC003F4757 /* DetailViewController.swift */ = {isa = PBXFileReference; lastKnownFileType = sourcecode.swift; path = DetailViewController.swift; sourceTree = "<group>"; };
		722F9E42201CB686003F4757 /* DeleteMemoViewController.swift */ = {isa = PBXFileReference; lastKnownFileType = sourcecode.swift; path = DeleteMemoViewController.swift; sourceTree = "<group>"; };
		72FA9E79201D2744000ADF9E /* EditMemoViewController.swift */ = {isa = PBXFileReference; lastKnownFileType = sourcecode.swift; path = EditMemoViewController.swift; sourceTree = "<group>"; };
		C13DFBCF5023F1A81BC8A246 /* Pods_ThinkMemo.framework */ = {isa = PBXFileReference; explicitFileType = wrapper.framework; includeInIndex = 0; path = Pods_ThinkMemo.framework; sourceTree = BUILT_PRODUCTS_DIR; };
		CB20DF8B201CEDCE00262002 /* MainViewController.swift */ = {isa = PBXFileReference; lastKnownFileType = sourcecode.swift; path = MainViewController.swift; sourceTree = "<group>"; };
		CB20DF8F201CEE3000262002 /* MemoCell.swift */ = {isa = PBXFileReference; lastKnownFileType = sourcecode.swift; path = MemoCell.swift; sourceTree = "<group>"; };
		CB20DF91201CEE7000262002 /* HeaderMemoCell.swift */ = {isa = PBXFileReference; lastKnownFileType = sourcecode.swift; path = HeaderMemoCell.swift; sourceTree = "<group>"; };
/* End PBXFileReference section */

/* Begin PBXFrameworksBuildPhase section */
		30242D16201C64FB00B6B633 /* Frameworks */ = {
			isa = PBXFrameworksBuildPhase;
			buildActionMask = 2147483647;
			files = (
				83A24D8FC4B23156EFC8FDE0 /* Pods_ThinkMemo.framework in Frameworks */,
			);
			runOnlyForDeploymentPostprocessing = 0;
		};
/* End PBXFrameworksBuildPhase section */

/* Begin PBXGroup section */
		108F0EB5201CD05B00050712 /* Data */ = {
			isa = PBXGroup;
			children = (
				108F0EBD201CD08500050712 /* DataSync.swift */,
				108F0EBC201CD08500050712 /* MemoDAO.swift */,
				108F0EBE201CD08500050712 /* MomoData.swift */,
			);
			path = Data;
			sourceTree = "<group>";
		};
		301AA0A8201D0CC40033ECDA /* Keyword */ = {
			isa = PBXGroup;
			children = (
				301AA0AB201D0CD30033ECDA /* KeywordCell.swift */,
				301AA0A9201D0CD30033ECDA /* KeywordCell.xib */,
				301AA0AA201D0CD30033ECDA /* KeywordVC.swift */,
				301AA0AF201D0CD80033ECDA /* CombineWordsVC.swift */,
			);
			path = Keyword;
			sourceTree = "<group>";
		};
		30242D10201C64FB00B6B633 = {
			isa = PBXGroup;
			children = (
				30242D1B201C64FB00B6B633 /* ThinkMemo */,
				30242D1A201C64FB00B6B633 /* Products */,
				3DBB79BFEC4C65A1B020D406 /* Pods */,
				B62FFA3CDACCE88A6F624EB6 /* Frameworks */,
			);
			sourceTree = "<group>";
		};
		30242D1A201C64FB00B6B633 /* Products */ = {
			isa = PBXGroup;
			children = (
				30242D19201C64FB00B6B633 /* ThinkMemo.app */,
			);
			name = Products;
			sourceTree = "<group>";
		};
		30242D1B201C64FB00B6B633 /* ThinkMemo */ = {
			isa = PBXGroup;
			children = (
				301AA0A8201D0CC40033ECDA /* Keyword */,
				CB20DF8B201CEDCE00262002 /* MainViewController.swift */,
				CB20DF8F201CEE3000262002 /* MemoCell.swift */,
				CB20DF91201CEE7000262002 /* HeaderMemoCell.swift */,
				108F0EB5201CD05B00050712 /* Data */,
				30242D1C201C64FB00B6B633 /* AppDelegate.swift */,
				722F9E40201C7EEC003F4757 /* DetailViewController.swift */,
				722F9E42201CB686003F4757 /* DeleteMemoViewController.swift */,
				722F9E3E201C6E9F003F4757 /* NewMemoViewController.swift */,
				72FA9E79201D2744000ADF9E /* EditMemoViewController.swift */,
				30242D20201C64FB00B6B633 /* Main.storyboard */,
				722F9E36201C6BA0003F4757 /* NewMemo.storyboard */,
				301AA0A6201D0CB30033ECDA /* Keyword.storyboard */,
				30242D23201C64FB00B6B633 /* Assets.xcassets */,
				30242D25201C64FB00B6B633 /* LaunchScreen.storyboard */,
				30242D28201C64FB00B6B633 /* Info.plist */,
				108F0EC9201CD14A00050712 /* ThinkMemo.xcdatamodeld */,
			);
			path = ThinkMemo;
			sourceTree = "<group>";
		};
		3DBB79BFEC4C65A1B020D406 /* Pods */ = {
			isa = PBXGroup;
			children = (
				44E75571A3F875D42CE4EE27 /* Pods-ThinkMemo.debug.xcconfig */,
				22D16A882DC4DEA3BC33D763 /* Pods-ThinkMemo.release.xcconfig */,
			);
			name = Pods;
			sourceTree = "<group>";
		};
		B62FFA3CDACCE88A6F624EB6 /* Frameworks */ = {
			isa = PBXGroup;
			children = (
				C13DFBCF5023F1A81BC8A246 /* Pods_ThinkMemo.framework */,
			);
			name = Frameworks;
			sourceTree = "<group>";
		};
/* End PBXGroup section */

/* Begin PBXNativeTarget section */
		30242D18201C64FB00B6B633 /* ThinkMemo */ = {
			isa = PBXNativeTarget;
			buildConfigurationList = 30242D2B201C64FB00B6B633 /* Build configuration list for PBXNativeTarget "ThinkMemo" */;
			buildPhases = (
				88DAEF92605A67C2FC307141 /* [CP] Check Pods Manifest.lock */,
				30242D15201C64FB00B6B633 /* Sources */,
				30242D16201C64FB00B6B633 /* Frameworks */,
				30242D17201C64FB00B6B633 /* Resources */,
				19EA703492DAA057D6335D64 /* [CP] Embed Pods Frameworks */,
				13735528277B8A475FE42E91 /* [CP] Copy Pods Resources */,
			);
			buildRules = (
			);
			dependencies = (
			);
			name = ThinkMemo;
			productName = ThinkMemo;
			productReference = 30242D19201C64FB00B6B633 /* ThinkMemo.app */;
			productType = "com.apple.product-type.application";
		};
/* End PBXNativeTarget section */

/* Begin PBXProject section */
		30242D11201C64FB00B6B633 /* Project object */ = {
			isa = PBXProject;
			attributes = {
				LastSwiftUpdateCheck = 0920;
				LastUpgradeCheck = 0920;
				ORGANIZATIONNAME = Unithon;
				TargetAttributes = {
					30242D18201C64FB00B6B633 = {
						CreatedOnToolsVersion = 9.2;
						ProvisioningStyle = Automatic;
					};
				};
			};
			buildConfigurationList = 30242D14201C64FB00B6B633 /* Build configuration list for PBXProject "ThinkMemo" */;
			compatibilityVersion = "Xcode 8.0";
			developmentRegion = en;
			hasScannedForEncodings = 0;
			knownRegions = (
				en,
				Base,
			);
			mainGroup = 30242D10201C64FB00B6B633;
			productRefGroup = 30242D1A201C64FB00B6B633 /* Products */;
			projectDirPath = "";
			projectRoot = "";
			targets = (
				30242D18201C64FB00B6B633 /* ThinkMemo */,
			);
		};
/* End PBXProject section */

/* Begin PBXResourcesBuildPhase section */
		30242D17201C64FB00B6B633 /* Resources */ = {
			isa = PBXResourcesBuildPhase;
			buildActionMask = 2147483647;
			files = (
				30242D27201C64FB00B6B633 /* LaunchScreen.storyboard in Resources */,
				722F9E37201C6BA0003F4757 /* NewMemo.storyboard in Resources */,
				30242D24201C64FB00B6B633 /* Assets.xcassets in Resources */,
				30242D22201C64FB00B6B633 /* Main.storyboard in Resources */,
				301AA0A7201D0CB30033ECDA /* Keyword.storyboard in Resources */,
				301AA0AC201D0CD30033ECDA /* KeywordCell.xib in Resources */,
			);
			runOnlyForDeploymentPostprocessing = 0;
		};
/* End PBXResourcesBuildPhase section */

/* Begin PBXShellScriptBuildPhase section */
		13735528277B8A475FE42E91 /* [CP] Copy Pods Resources */ = {
			isa = PBXShellScriptBuildPhase;
			buildActionMask = 2147483647;
			files = (
			);
			inputPaths = (
			);
			name = "[CP] Copy Pods Resources";
			outputPaths = (
			);
			runOnlyForDeploymentPostprocessing = 0;
			shellPath = /bin/sh;
			shellScript = "\"${SRCROOT}/Pods/Target Support Files/Pods-ThinkMemo/Pods-ThinkMemo-resources.sh\"\n";
			showEnvVarsInLog = 0;
		};
		19EA703492DAA057D6335D64 /* [CP] Embed Pods Frameworks */ = {
			isa = PBXShellScriptBuildPhase;
			buildActionMask = 2147483647;
			files = (
			);
			inputPaths = (
				"${SRCROOT}/Pods/Target Support Files/Pods-ThinkMemo/Pods-ThinkMemo-frameworks.sh",
				"${BUILT_PRODUCTS_DIR}/Alamofire/Alamofire.framework",
			);
			name = "[CP] Embed Pods Frameworks";
			outputPaths = (
				"${TARGET_BUILD_DIR}/${FRAMEWORKS_FOLDER_PATH}/Alamofire.framework",
			);
			runOnlyForDeploymentPostprocessing = 0;
			shellPath = /bin/sh;
			shellScript = "\"${SRCROOT}/Pods/Target Support Files/Pods-ThinkMemo/Pods-ThinkMemo-frameworks.sh\"\n";
			showEnvVarsInLog = 0;
		};
		88DAEF92605A67C2FC307141 /* [CP] Check Pods Manifest.lock */ = {
			isa = PBXShellScriptBuildPhase;
			buildActionMask = 2147483647;
			files = (
			);
			inputPaths = (
				"${PODS_PODFILE_DIR_PATH}/Podfile.lock",
				"${PODS_ROOT}/Manifest.lock",
			);
			name = "[CP] Check Pods Manifest.lock";
			outputPaths = (
				"$(DERIVED_FILE_DIR)/Pods-ThinkMemo-checkManifestLockResult.txt",
			);
			runOnlyForDeploymentPostprocessing = 0;
			shellPath = /bin/sh;
			shellScript = "diff \"${PODS_PODFILE_DIR_PATH}/Podfile.lock\" \"${PODS_ROOT}/Manifest.lock\" > /dev/null\nif [ $? != 0 ] ; then\n    # print error to STDERR\n    echo \"error: The sandbox is not in sync with the Podfile.lock. Run 'pod install' or update your CocoaPods installation.\" >&2\n    exit 1\nfi\n# This output is used by Xcode 'outputs' to avoid re-running this script phase.\necho \"SUCCESS\" > \"${SCRIPT_OUTPUT_FILE_0}\"\n";
			showEnvVarsInLog = 0;
		};
/* End PBXShellScriptBuildPhase section */

/* Begin PBXSourcesBuildPhase section */
		30242D15201C64FB00B6B633 /* Sources */ = {
			isa = PBXSourcesBuildPhase;
			buildActionMask = 2147483647;
			files = (
				CB20DF92201CEE7000262002 /* HeaderMemoCell.swift in Sources */,
				108F0ECB201CD14A00050712 /* ThinkMemo.xcdatamodeld in Sources */,
				CB20DF90201CEE3000262002 /* MemoCell.swift in Sources */,
				301AA0AE201D0CD30033ECDA /* KeywordCell.swift in Sources */,
				108F0EC0201CD08500050712 /* DataSync.swift in Sources */,
				722F9E3F201C6E9F003F4757 /* NewMemoViewController.swift in Sources */,
				108F0EC1201CD08500050712 /* MomoData.swift in Sources */,
				108F0EBF201CD08500050712 /* MemoDAO.swift in Sources */,
				301AA0B0201D0CD80033ECDA /* CombineWordsVC.swift in Sources */,
				30242D1D201C64FB00B6B633 /* AppDelegate.swift in Sources */,
				301AA0AD201D0CD30033ECDA /* KeywordVC.swift in Sources */,
				CB20DF8C201CEDCE00262002 /* MainViewController.swift in Sources */,
				722F9E43201CB686003F4757 /* DeleteMemoViewController.swift in Sources */,
				72FA9E7A201D2744000ADF9E /* EditMemoViewController.swift in Sources */,
				722F9E41201C7EEC003F4757 /* DetailViewController.swift in Sources */,
			);
			runOnlyForDeploymentPostprocessing = 0;
		};
/* End PBXSourcesBuildPhase section */

/* Begin PBXVariantGroup section */
		30242D20201C64FB00B6B633 /* Main.storyboard */ = {
			isa = PBXVariantGroup;
			children = (
				30242D21201C64FB00B6B633 /* Base */,
			);
			name = Main.storyboard;
			sourceTree = "<group>";
		};
		30242D25201C64FB00B6B633 /* LaunchScreen.storyboard */ = {
			isa = PBXVariantGroup;
			children = (
				30242D26201C64FB00B6B633 /* Base */,
			);
			name = LaunchScreen.storyboard;
			sourceTree = "<group>";
		};
/* End PBXVariantGroup section */

/* Begin XCBuildConfiguration section */
		30242D29201C64FB00B6B633 /* Debug */ = {
			isa = XCBuildConfiguration;
			buildSettings = {
				ALWAYS_SEARCH_USER_PATHS = NO;
				CLANG_ANALYZER_NONNULL = YES;
				CLANG_ANALYZER_NUMBER_OBJECT_CONVERSION = YES_AGGRESSIVE;
				CLANG_CXX_LANGUAGE_STANDARD = "gnu++14";
				CLANG_CXX_LIBRARY = "libc++";
				CLANG_ENABLE_MODULES = YES;
				CLANG_ENABLE_OBJC_ARC = YES;
				CLANG_WARN_BLOCK_CAPTURE_AUTORELEASING = YES;
				CLANG_WARN_BOOL_CONVERSION = YES;
				CLANG_WARN_COMMA = YES;
				CLANG_WARN_CONSTANT_CONVERSION = YES;
				CLANG_WARN_DIRECT_OBJC_ISA_USAGE = YES_ERROR;
				CLANG_WARN_DOCUMENTATION_COMMENTS = YES;
				CLANG_WARN_EMPTY_BODY = YES;
				CLANG_WARN_ENUM_CONVERSION = YES;
				CLANG_WARN_INFINITE_RECURSION = YES;
				CLANG_WARN_INT_CONVERSION = YES;
				CLANG_WARN_NON_LITERAL_NULL_CONVERSION = YES;
				CLANG_WARN_OBJC_LITERAL_CONVERSION = YES;
				CLANG_WARN_OBJC_ROOT_CLASS = YES_ERROR;
				CLANG_WARN_RANGE_LOOP_ANALYSIS = YES;
				CLANG_WARN_STRICT_PROTOTYPES = YES;
				CLANG_WARN_SUSPICIOUS_MOVE = YES;
				CLANG_WARN_UNGUARDED_AVAILABILITY = YES_AGGRESSIVE;
				CLANG_WARN_UNREACHABLE_CODE = YES;
				CLANG_WARN__DUPLICATE_METHOD_MATCH = YES;
				CODE_SIGN_IDENTITY = "iPhone Developer";
				COPY_PHASE_STRIP = NO;
				DEBUG_INFORMATION_FORMAT = dwarf;
				ENABLE_STRICT_OBJC_MSGSEND = YES;
				ENABLE_TESTABILITY = YES;
				GCC_C_LANGUAGE_STANDARD = gnu11;
				GCC_DYNAMIC_NO_PIC = NO;
				GCC_NO_COMMON_BLOCKS = YES;
				GCC_OPTIMIZATION_LEVEL = 0;
				GCC_PREPROCESSOR_DEFINITIONS = (
					"DEBUG=1",
					"$(inherited)",
				);
				GCC_WARN_64_TO_32_BIT_CONVERSION = YES;
				GCC_WARN_ABOUT_RETURN_TYPE = YES_ERROR;
				GCC_WARN_UNDECLARED_SELECTOR = YES;
				GCC_WARN_UNINITIALIZED_AUTOS = YES_AGGRESSIVE;
				GCC_WARN_UNUSED_FUNCTION = YES;
				GCC_WARN_UNUSED_VARIABLE = YES;
				IPHONEOS_DEPLOYMENT_TARGET = 11.2;
				MTL_ENABLE_DEBUG_INFO = YES;
				ONLY_ACTIVE_ARCH = YES;
				SDKROOT = iphoneos;
				SWIFT_ACTIVE_COMPILATION_CONDITIONS = DEBUG;
				SWIFT_OPTIMIZATION_LEVEL = "-Onone";
			};
			name = Debug;
		};
		30242D2A201C64FB00B6B633 /* Release */ = {
			isa = XCBuildConfiguration;
			buildSettings = {
				ALWAYS_SEARCH_USER_PATHS = NO;
				CLANG_ANALYZER_NONNULL = YES;
				CLANG_ANALYZER_NUMBER_OBJECT_CONVERSION = YES_AGGRESSIVE;
				CLANG_CXX_LANGUAGE_STANDARD = "gnu++14";
				CLANG_CXX_LIBRARY = "libc++";
				CLANG_ENABLE_MODULES = YES;
				CLANG_ENABLE_OBJC_ARC = YES;
				CLANG_WARN_BLOCK_CAPTURE_AUTORELEASING = YES;
				CLANG_WARN_BOOL_CONVERSION = YES;
				CLANG_WARN_COMMA = YES;
				CLANG_WARN_CONSTANT_CONVERSION = YES;
				CLANG_WARN_DIRECT_OBJC_ISA_USAGE = YES_ERROR;
				CLANG_WARN_DOCUMENTATION_COMMENTS = YES;
				CLANG_WARN_EMPTY_BODY = YES;
				CLANG_WARN_ENUM_CONVERSION = YES;
				CLANG_WARN_INFINITE_RECURSION = YES;
				CLANG_WARN_INT_CONVERSION = YES;
				CLANG_WARN_NON_LITERAL_NULL_CONVERSION = YES;
				CLANG_WARN_OBJC_LITERAL_CONVERSION = YES;
				CLANG_WARN_OBJC_ROOT_CLASS = YES_ERROR;
				CLANG_WARN_RANGE_LOOP_ANALYSIS = YES;
				CLANG_WARN_STRICT_PROTOTYPES = YES;
				CLANG_WARN_SUSPICIOUS_MOVE = YES;
				CLANG_WARN_UNGUARDED_AVAILABILITY = YES_AGGRESSIVE;
				CLANG_WARN_UNREACHABLE_CODE = YES;
				CLANG_WARN__DUPLICATE_METHOD_MATCH = YES;
				CODE_SIGN_IDENTITY = "iPhone Developer";
				COPY_PHASE_STRIP = NO;
				DEBUG_INFORMATION_FORMAT = "dwarf-with-dsym";
				ENABLE_NS_ASSERTIONS = NO;
				ENABLE_STRICT_OBJC_MSGSEND = YES;
				GCC_C_LANGUAGE_STANDARD = gnu11;
				GCC_NO_COMMON_BLOCKS = YES;
				GCC_WARN_64_TO_32_BIT_CONVERSION = YES;
				GCC_WARN_ABOUT_RETURN_TYPE = YES_ERROR;
				GCC_WARN_UNDECLARED_SELECTOR = YES;
				GCC_WARN_UNINITIALIZED_AUTOS = YES_AGGRESSIVE;
				GCC_WARN_UNUSED_FUNCTION = YES;
				GCC_WARN_UNUSED_VARIABLE = YES;
				IPHONEOS_DEPLOYMENT_TARGET = 11.2;
				MTL_ENABLE_DEBUG_INFO = NO;
				SDKROOT = iphoneos;
				SWIFT_OPTIMIZATION_LEVEL = "-Owholemodule";
				VALIDATE_PRODUCT = YES;
			};
			name = Release;
		};
		30242D2C201C64FB00B6B633 /* Debug */ = {
			isa = XCBuildConfiguration;
			baseConfigurationReference = 44E75571A3F875D42CE4EE27 /* Pods-ThinkMemo.debug.xcconfig */;
			buildSettings = {
				ASSETCATALOG_COMPILER_APPICON_NAME = AppIcon;
				CODE_SIGN_STYLE = Automatic;
				DEVELOPMENT_TEAM = 836DYQVDP8;
				INFOPLIST_FILE = ThinkMemo/Info.plist;
				LD_RUNPATH_SEARCH_PATHS = "$(inherited) @executable_path/Frameworks";
				PRODUCT_BUNDLE_IDENTIFIER = Unithon.ThinkMemo;
				PRODUCT_NAME = "$(TARGET_NAME)";
				SWIFT_VERSION = 4.0;
				TARGETED_DEVICE_FAMILY = "1,2";
			};
			name = Debug;
		};
		30242D2D201C64FB00B6B633 /* Release */ = {
			isa = XCBuildConfiguration;
			baseConfigurationReference = 22D16A882DC4DEA3BC33D763 /* Pods-ThinkMemo.release.xcconfig */;
			buildSettings = {
				ASSETCATALOG_COMPILER_APPICON_NAME = AppIcon;
				CODE_SIGN_STYLE = Automatic;
				DEVELOPMENT_TEAM = 836DYQVDP8;
				INFOPLIST_FILE = ThinkMemo/Info.plist;
				LD_RUNPATH_SEARCH_PATHS = "$(inherited) @executable_path/Frameworks";
				PRODUCT_BUNDLE_IDENTIFIER = Unithon.ThinkMemo;
				PRODUCT_NAME = "$(TARGET_NAME)";
				SWIFT_VERSION = 4.0;
				TARGETED_DEVICE_FAMILY = "1,2";
			};
			name = Release;
		};
/* End XCBuildConfiguration section */

/* Begin XCConfigurationList section */
		30242D14201C64FB00B6B633 /* Build configuration list for PBXProject "ThinkMemo" */ = {
			isa = XCConfigurationList;
			buildConfigurations = (
				30242D29201C64FB00B6B633 /* Debug */,
				30242D2A201C64FB00B6B633 /* Release */,
			);
			defaultConfigurationIsVisible = 0;
			defaultConfigurationName = Release;
		};
		30242D2B201C64FB00B6B633 /* Build configuration list for PBXNativeTarget "ThinkMemo" */ = {
			isa = XCConfigurationList;
			buildConfigurations = (
				30242D2C201C64FB00B6B633 /* Debug */,
				30242D2D201C64FB00B6B633 /* Release */,
			);
			defaultConfigurationIsVisible = 0;
			defaultConfigurationName = Release;
		};
/* End XCConfigurationList section */

/* Begin XCVersionGroup section */
		108F0EC9201CD14A00050712 /* ThinkMemo.xcdatamodeld */ = {
			isa = XCVersionGroup;
			children = (
				108F0ECA201CD14A00050712 /* ThinkMemo.xcdatamodel */,
			);
			currentVersion = 108F0ECA201CD14A00050712 /* ThinkMemo.xcdatamodel */;
			path = ThinkMemo.xcdatamodeld;
			sourceTree = "<group>";
			versionGroupType = wrapper.xcdatamodel;
		};
/* End XCVersionGroup section */
	};
	rootObject = 30242D11201C64FB00B6B633 /* Project object */;
}
